
Microsoft Visual Studio Solution File, Format Version 12.00
# Visual Studio Version 16
VisualStudioVersion = 16.0.31605.320
MinimumVisualStudioVersion = 10.0.40219.1
Project("{9A19103F-16F7-4668-BE54-9A1E7A4F7556}") = "Sol_Demo", "Sol_Demo\Sol_Demo.csproj", "{00E1261A-D231-4DF0-9D3D-AD2C7B119BA1}"
EndProject
Global
	GlobalSection(SolutionConfigurationPlatforms) = preSolution
		Debug|Any CPU = Debug|Any CPU
		Release|Any CPU = Release|Any CPU
	EndGlobalSection
	GlobalSection(ProjectConfigurationPlatforms) = postSolution
		{00E1261A-D231-4DF0-9D3D-AD2C7B119BA1}.Debug|Any CPU.ActiveCfg = Debug|Any CPU
		{00E1261A-D231-4DF0-9D3D-AD2C7B119BA1}.Debug|Any CPU.Build.0 = Debug|Any CPU
		{00E1261A-D231-4DF0-9D3D-AD2C7B119BA1}.Release|Any CPU.ActiveCfg = Release|Any CPU
		{00E1261A-D231-4DF0-9D3D-AD2C7B119BA1}.Release|Any CPU.Build.0 = Release|Any CPU
	EndGlobalSection
	GlobalSection(SolutionProperties) = preSolution
		HideSolutionNode = FALSE
	EndGlobalSection
	GlobalSection(ExtensibilityGlobals) = postSolution
		SolutionGuid = {8B821706-55DC-4619-9DD3-E2A86275F3D3}
	EndGlobalSection
EndGlobal
